
Microsoft Visual Studio Solution File, Format Version 12.00
# Visual Studio Version 17
VisualStudioVersion = 17.14.36623.8 d17.14
MinimumVisualStudioVersion = 10.0.40219.1
Project("{FAE04EC0-301F-11D3-BF4B-00C04F79EFBC}") = "Acadex0.1", "Acadex0.1\Acadex0.1.csproj", "{21057328-0EDF-4C13-A19C-39AEE6B1A552}"
EndProject
Global
	GlobalSection(SolutionConfigurationPlatforms) = preSolution
		Debug|Any CPU = Debug|Any CPU
		Release|Any CPU = Release|Any CPU
	EndGlobalSection
	GlobalSection(ProjectConfigurationPlatforms) = postSolution
		{21057328-0EDF-4C13-A19C-39AEE6B1A552}.Debug|Any CPU.ActiveCfg = Debug|Any CPU
		{21057328-0EDF-4C13-A19C-39AEE6B1A552}.Debug|Any CPU.Build.0 = Debug|Any CPU
		{21057328-0EDF-4C13-A19C-39AEE6B1A552}.Release|Any CPU.ActiveCfg = Release|Any CPU
		{21057328-0EDF-4C13-A19C-39AEE6B1A552}.Release|Any CPU.Build.0 = Release|Any CPU
	EndGlobalSection
	GlobalSection(SolutionProperties) = preSolution
		HideSolutionNode = FALSE
	EndGlobalSection
	GlobalSection(ExtensibilityGlobals) = postSolution
		SolutionGuid = {0B5B4F31-FC8F-4626-B4B0-FD4D20CFA57C}
	EndGlobalSection
EndGlobal
